
Microsoft Visual Studio Solution File, Format Version 12.00
# Visual Studio Version 17
VisualStudioVersion = 17.0.31903.59
MinimumVisualStudioVersion = 10.0.40219.1
Project("{2150E333-8FDC-42A3-9474-1A3956D46DE8}") = "src", "src", "{11EFE5B2-BAD1-4C5A-A6B6-06DF35B62CEC}"
EndProject
Project("{9A19103F-16F7-4668-BE54-9A1E7A4F7556}") = "CRON.Api", "src\CRON.Api\CRON.Api.csproj", "{39674D79-CEAA-4CB7-A265-ADB029A0D1A9}"
EndProject
Project("{9A19103F-16F7-4668-BE54-9A1E7A4F7556}") = "CRON.Data", "src\CRON.Data\CRON.Data.csproj", "{D815E7EA-45F0-4527-A922-F1C70FA0A89B}"
EndProject
Project("{9A19103F-16F7-4668-BE54-9A1E7A4F7556}") = "CRON.Application", "src\CRON.Application\CRON.Application.csproj", "{1A6C0FBA-5314-4A91-A900-B83C443E028E}"
EndProject
Project("{9A19103F-16F7-4668-BE54-9A1E7A4F7556}") = "CRON.Domain", "src\CRON.Domain\CRON.Domain.csproj", "{23586C4E-CAD9-4BFA-8EB0-99CA7410CCFE}"
EndProject
Project("{9A19103F-16F7-4668-BE54-9A1E7A4F7556}") = "CRON.Services", "src\CRON.Services\CRON.Services.csproj", "{6AA21AED-6B93-4C27-B9DE-69877EDD93D9}"
EndProject
Project("{2150E333-8FDC-42A3-9474-1A3956D46DE8}") = "tests", "tests", "{5DDFF6DA-6437-43F6-BE41-758BC19E8A66}"
EndProject
Project("{9A19103F-16F7-4668-BE54-9A1E7A4F7556}") = "WebApi.Test", "tests\WebApi.Test\WebApi.Test.csproj", "{A2713EE3-7BA4-4652-9074-CFF0AB2FE8A8}"
EndProject
Project("{9A19103F-16F7-4668-BE54-9A1E7A4F7556}") = "CRON.Scraping", "src\CRON.Scraping\CRON.Scraping.csproj", "{314802E6-B05F-4DD4-9E41-46555ABAF5A2}"
EndProject
Project("{FAE04EC0-301F-11D3-BF4B-00C04F79EFBC}") = "TestTools", "tests\TestTools\TestTools.csproj", "{0408FE89-297D-4A9A-80C7-C989FB13A4C5}"
EndProject
Global
	GlobalSection(SolutionConfigurationPlatforms) = preSolution
		Debug|Any CPU = Debug|Any CPU
		Release|Any CPU = Release|Any CPU
	EndGlobalSection
	GlobalSection(ProjectConfigurationPlatforms) = postSolution
		{39674D79-CEAA-4CB7-A265-ADB029A0D1A9}.Debug|Any CPU.ActiveCfg = Debug|Any CPU
		{39674D79-CEAA-4CB7-A265-ADB029A0D1A9}.Debug|Any CPU.Build.0 = Debug|Any CPU
		{39674D79-CEAA-4CB7-A265-ADB029A0D1A9}.Release|Any CPU.ActiveCfg = Release|Any CPU
		{39674D79-CEAA-4CB7-A265-ADB029A0D1A9}.Release|Any CPU.Build.0 = Release|Any CPU
		{D815E7EA-45F0-4527-A922-F1C70FA0A89B}.Debug|Any CPU.ActiveCfg = Debug|Any CPU
		{D815E7EA-45F0-4527-A922-F1C70FA0A89B}.Debug|Any CPU.Build.0 = Debug|Any CPU
		{D815E7EA-45F0-4527-A922-F1C70FA0A89B}.Release|Any CPU.ActiveCfg = Release|Any CPU
		{D815E7EA-45F0-4527-A922-F1C70FA0A89B}.Release|Any CPU.Build.0 = Release|Any CPU
		{1A6C0FBA-5314-4A91-A900-B83C443E028E}.Debug|Any CPU.ActiveCfg = Debug|Any CPU
		{1A6C0FBA-5314-4A91-A900-B83C443E028E}.Debug|Any CPU.Build.0 = Debug|Any CPU
		{1A6C0FBA-5314-4A91-A900-B83C443E028E}.Release|Any CPU.ActiveCfg = Release|Any CPU
		{1A6C0FBA-5314-4A91-A900-B83C443E028E}.Release|Any CPU.Build.0 = Release|Any CPU
		{23586C4E-CAD9-4BFA-8EB0-99CA7410CCFE}.Debug|Any CPU.ActiveCfg = Debug|Any CPU
		{23586C4E-CAD9-4BFA-8EB0-99CA7410CCFE}.Debug|Any CPU.Build.0 = Debug|Any CPU
		{23586C4E-CAD9-4BFA-8EB0-99CA7410CCFE}.Release|Any CPU.ActiveCfg = Release|Any CPU
		{23586C4E-CAD9-4BFA-8EB0-99CA7410CCFE}.Release|Any CPU.Build.0 = Release|Any CPU
		{6AA21AED-6B93-4C27-B9DE-69877EDD93D9}.Debug|Any CPU.ActiveCfg = Debug|Any CPU
		{6AA21AED-6B93-4C27-B9DE-69877EDD93D9}.Debug|Any CPU.Build.0 = Debug|Any CPU
		{6AA21AED-6B93-4C27-B9DE-69877EDD93D9}.Release|Any CPU.ActiveCfg = Release|Any CPU
		{6AA21AED-6B93-4C27-B9DE-69877EDD93D9}.Release|Any CPU.Build.0 = Release|Any CPU
		{A2713EE3-7BA4-4652-9074-CFF0AB2FE8A8}.Debug|Any CPU.ActiveCfg = Debug|Any CPU
		{A2713EE3-7BA4-4652-9074-CFF0AB2FE8A8}.Debug|Any CPU.Build.0 = Debug|Any CPU
		{A2713EE3-7BA4-4652-9074-CFF0AB2FE8A8}.Release|Any CPU.ActiveCfg = Release|Any CPU
		{A2713EE3-7BA4-4652-9074-CFF0AB2FE8A8}.Release|Any CPU.Build.0 = Release|Any CPU
		{314802E6-B05F-4DD4-9E41-46555ABAF5A2}.Debug|Any CPU.ActiveCfg = Debug|Any CPU
		{314802E6-B05F-4DD4-9E41-46555ABAF5A2}.Debug|Any CPU.Build.0 = Debug|Any CPU
		{314802E6-B05F-4DD4-9E41-46555ABAF5A2}.Release|Any CPU.ActiveCfg = Release|Any CPU
		{314802E6-B05F-4DD4-9E41-46555ABAF5A2}.Release|Any CPU.Build.0 = Release|Any CPU
		{0408FE89-297D-4A9A-80C7-C989FB13A4C5}.Debug|Any CPU.ActiveCfg = Debug|Any CPU
		{0408FE89-297D-4A9A-80C7-C989FB13A4C5}.Debug|Any CPU.Build.0 = Debug|Any CPU
		{0408FE89-297D-4A9A-80C7-C989FB13A4C5}.Release|Any CPU.ActiveCfg = Release|Any CPU
		{0408FE89-297D-4A9A-80C7-C989FB13A4C5}.Release|Any CPU.Build.0 = Release|Any CPU
	EndGlobalSection
	GlobalSection(SolutionProperties) = preSolution
		HideSolutionNode = FALSE
	EndGlobalSection
	GlobalSection(NestedProjects) = preSolution
		{39674D79-CEAA-4CB7-A265-ADB029A0D1A9} = {11EFE5B2-BAD1-4C5A-A6B6-06DF35B62CEC}
		{D815E7EA-45F0-4527-A922-F1C70FA0A89B} = {11EFE5B2-BAD1-4C5A-A6B6-06DF35B62CEC}
		{1A6C0FBA-5314-4A91-A900-B83C443E028E} = {11EFE5B2-BAD1-4C5A-A6B6-06DF35B62CEC}
		{23586C4E-CAD9-4BFA-8EB0-99CA7410CCFE} = {11EFE5B2-BAD1-4C5A-A6B6-06DF35B62CEC}
		{6AA21AED-6B93-4C27-B9DE-69877EDD93D9} = {11EFE5B2-BAD1-4C5A-A6B6-06DF35B62CEC}
		{A2713EE3-7BA4-4652-9074-CFF0AB2FE8A8} = {5DDFF6DA-6437-43F6-BE41-758BC19E8A66}
		{314802E6-B05F-4DD4-9E41-46555ABAF5A2} = {11EFE5B2-BAD1-4C5A-A6B6-06DF35B62CEC}
		{0408FE89-297D-4A9A-80C7-C989FB13A4C5} = {5DDFF6DA-6437-43F6-BE41-758BC19E8A66}
	EndGlobalSection
	GlobalSection(ExtensibilityGlobals) = postSolution
		SolutionGuid = {829ADFAD-9654-447E-9A5B-8CA220B7EE4C}
	EndGlobalSection
EndGlobal
